<?xml version="1.0" encoding="utf-8"?>
<Project ToolsVersion="4.0" xmlns="http://schemas.microsoft.com/developer/msbuild/2003">
  <ItemGroup>
    <Filter Include="Game">
      <UniqueIdentifier>{d2d0fd71-4d67-48c2-b343-6fdb5782e40f}</UniqueIdentifier>
    </Filter>
    <Filter Include="Main">
      <UniqueIdentifier>{7efaf247-0110-432a-9d3a-fb863c368ac6}</UniqueIdentifier>
    </Filter>
    <Filter Include="Shaders">
      <UniqueIdentifier>{ec1fc7a4-e083-4ffe-aa6f-9f1c2c16b5c4}</UniqueIdentifier>
    </Filter>
    <Filter Include="Main\Camera">
      <UniqueIdentifier>{31df8a51-3da7-4280-a9ab-313dd1942a27}</UniqueIdentifier>
    </Filter>
    <Filter Include="Game\Week2">
      <UniqueIdentifier>{9777fdac-7ce5-4f8e-ba93-0325f47ce2ef}</UniqueIdentifier>
    </Filter>
    <Filter Include="Shaders\Week1">
      <UniqueIdentifier>{44f4b79a-3579-42dd-8424-868229cbadd8}</UniqueIdentifier>
    </Filter>
    <Filter Include="Shaders\Common">
      <UniqueIdentifier>{88296819-9c84-4939-8e24-8102ffbf384e}</UniqueIdentifier>
    </Filter>
    <Filter Include="Shaders\Week2">
      <UniqueIdentifier>{9c264924-84d8-48b0-8644-af2500675951}</UniqueIdentifier>
    </Filter>
    <Filter Include="Game\Week3">
      <UniqueIdentifier>{cf0537b1-0f1e-4c03-907c-2ba2b557c2d7}</UniqueIdentifier>
    </Filter>
    <Filter Include="Shaders\Week3">
      <UniqueIdentifier>{b975f86e-0bde-45b3-9f58-f0e7a4664809}</UniqueIdentifier>
    </Filter>
  </ItemGroup>
  <ItemGroup>
    <ClCompile Include="pch.cpp">
      <Filter>Main</Filter>
    </ClCompile>
    <ClCompile Include="Main.cpp">
      <Filter>Main</Filter>
    </ClCompile>
    <ClCompile Include="CameraScript.cpp">
      <Filter>Main\Camera</Filter>
    </ClCompile>
    <ClCompile Include="10. GlobalTestDemo.cpp">
      <Filter>Game\Week2</Filter>
    </ClCompile>
    <ClCompile Include="11. DepthStencilDemo.cpp">
      <Filter>Game\Week2</Filter>
    </ClCompile>
    <ClCompile Include="12. AmbientDemo.cpp">
      <Filter>Game\Week2</Filter>
    </ClCompile>
    <ClCompile Include="13. DiffuseDemo.cpp">
      <Filter>Game\Week2</Filter>
    </ClCompile>
    <ClCompile Include="14. SpecularDemo.cpp">
      <Filter>Game\Week2</Filter>
    </ClCompile>
    <ClCompile Include="15. EmissiveDemo.cpp">
      <Filter>Game\Week2</Filter>
    </ClCompile>
    <ClCompile Include="16. LightingDemo.cpp">
      <Filter>Game\Week2</Filter>
    </ClCompile>
    <ClCompile Include="17. MaterialDemo.cpp">
      <Filter>Game\Week2</Filter>
    </ClCompile>
    <ClCompile Include="18. NormalMappingDemo.cpp">
      <Filter>Game\Week2</Filter>
    </ClCompile>
  </ItemGroup>
  <ItemGroup>
    <ClInclude Include="pch.h">
      <Filter>Main</Filter>
    </ClInclude>
    <ClInclude Include="Main.h">
      <Filter>Main</Filter>
    </ClInclude>
    <ClInclude Include="CameraScript.h">
      <Filter>Main\Camera</Filter>
    </ClInclude>
    <ClInclude Include="10. GlobalTestDemo.h">
      <Filter>Game\Week2</Filter>
    </ClInclude>
    <ClInclude Include="11. DepthStencilDemo.h">
      <Filter>Game\Week2</Filter>
    </ClInclude>
    <ClInclude Include="12. AmbientDemo.h">
      <Filter>Game\Week2</Filter>
    </ClInclude>
    <ClInclude Include="13. DiffuseDemo.h">
      <Filter>Game\Week2</Filter>
    </ClInclude>
    <ClInclude Include="14. SpecularDemo.h">
      <Filter>Game\Week2</Filter>
    </ClInclude>
    <ClInclude Include="15. EmissiveDemo.h">
      <Filter>Game\Week2</Filter>
    </ClInclude>
    <ClInclude Include="16. LightingDemo.h">
      <Filter>Game\Week2</Filter>
    </ClInclude>
    <ClInclude Include="17. MaterialDemo.h">
      <Filter>Game\Week2</Filter>
    </ClInclude>
    <ClInclude Include="18. NormalMappingDemo.h">
      <Filter>Game\Week2</Filter>
    </ClInclude>
  </ItemGroup>
  <ItemGroup>
    <FxCompile Include="..\Shaders\01. Triangle.fx">
      <Filter>Shaders\Week1</Filter>
    </FxCompile>
    <FxCompile Include="..\Shaders\02. Quad.fx">
      <Filter>Shaders\Week1</Filter>
    </FxCompile>
    <FxCompile Include="..\Shaders\03. ConstBuffer.fx">
      <Filter>Shaders\Week1</Filter>
    </FxCompile>
    <FxCompile Include="..\Shaders\04. Texture.fx">
      <Filter>Shaders\Week1</Filter>
    </FxCompile>
    <FxCompile Include="..\Shaders\05. Sampler.fx">
      <Filter>Shaders\Week1</Filter>
    </FxCompile>
    <FxCompile Include="..\Shaders\06. Terrain.fx">
      <Filter>Shaders\Week1</Filter>
    </FxCompile>
    <FxCompile Include="..\Shaders\07. Normal.fx">
      <Filter>Shaders\Week1</Filter>
    </FxCompile>
    <FxCompile Include="..\Shaders\00. Global.fx">
      <Filter>Shaders\Common</Filter>
    </FxCompile>
    <FxCompile Include="..\Shaders\08. GlobalTest.fx">
      <Filter>Shaders\Week2</Filter>
    </FxCompile>
    <FxCompile Include="..\Shaders\09. Lighting_Ambient.fx">
      <Filter>Shaders\Week2</Filter>
    </FxCompile>
    <FxCompile Include="..\Shaders\10. Lighting_Diffuse.fx">
      <Filter>Shaders\Week2</Filter>
    </FxCompile>
    <FxCompile Include="..\Shaders\11. Lighting_Specular.fx">
      <Filter>Shaders\Week2</Filter>
    </FxCompile>
    <FxCompile Include="..\Shaders\12. Lighting_Emissive.fx">
      <Filter>Shaders\Week2</Filter>
    </FxCompile>
    <FxCompile Include="..\Shaders\13. Lighting.fx">
      <Filter>Shaders\Week2</Filter>
    </FxCompile>
    <FxCompile Include="..\Shaders\00. Light.fx">
      <Filter>Shaders\Common</Filter>
    </FxCompile>
    <FxCompile Include="..\Shaders\14. NormalMapping.fx">
      <Filter>Shaders\Week2</Filter>
    </FxCompile>
    <FxCompile Include="..\Shaders\15. ModelDemo.fx">
      <Filter>Shaders\Week3</Filter>
    </FxCompile>
  </ItemGroup>
</Project>