<?xml version="1.0" encoding="utf-8"?>
<Project ToolsVersion="4.0" xmlns="http://schemas.microsoft.com/developer/msbuild/2003">
  <ItemGroup>
    <Filter Include="소스 파일">
      <UniqueIdentifier>{4FC737F1-C7A5-4376-A066-2A32D752A2FF}</UniqueIdentifier>
      <Extensions>cpp;c;cc;cxx;c++;cppm;ixx;def;odl;idl;hpj;bat;asm;asmx</Extensions>
    </Filter>
    <Filter Include="헤더 파일">
      <UniqueIdentifier>{93995380-89BD-4b04-88EB-625FBE52EBFB}</UniqueIdentifier>
      <Extensions>h;hh;hpp;hxx;h++;hm;inl;inc;ipp;xsd</Extensions>
    </Filter>
    <Filter Include="리소스 파일">
      <UniqueIdentifier>{67DA6AB6-F800-4c08-8B7A-83BB121AAD01}</UniqueIdentifier>
      <Extensions>rc;ico;cur;bmp;dlg;rc2;rct;bin;rgs;gif;jpg;jpeg;jpe;resx;tiff;tif;png;wav;mfcribbon-ms</Extensions>
    </Filter>
    <Filter Include="Shader">
      <UniqueIdentifier>{40688a6c-3119-416f-9041-599aaccaed6b}</UniqueIdentifier>
    </Filter>
    <Filter Include="소스 파일\1. Global">
      <UniqueIdentifier>{29a4e1f7-8660-4474-8d83-d2dd84007626}</UniqueIdentifier>
    </Filter>
    <Filter Include="헤더 파일\0. Defaults">
      <UniqueIdentifier>{60ca9900-b9a6-481d-986d-f72e6b5ffaa7}</UniqueIdentifier>
    </Filter>
    <Filter Include="헤더 파일\1. Global">
      <UniqueIdentifier>{1cc51ed9-da53-410d-9fbc-0267c2d10a9c}</UniqueIdentifier>
    </Filter>
    <Filter Include="소스 파일\0. Main">
      <UniqueIdentifier>{9ce38d45-3886-43bf-8a46-2ea3b541f51d}</UniqueIdentifier>
    </Filter>
  </ItemGroup>
  <ItemGroup>
    <ClInclude Include="GameProcess.h">
      <Filter>헤더 파일</Filter>
    </ClInclude>
    <ClInclude Include="framework.h">
      <Filter>헤더 파일\0. Defaults</Filter>
    </ClInclude>
    <ClInclude Include="Resource.h">
      <Filter>헤더 파일\0. Defaults</Filter>
    </ClInclude>
    <ClInclude Include="targetver.h">
      <Filter>헤더 파일\0. Defaults</Filter>
    </ClInclude>
    <ClInclude Include="Basic.h">
      <Filter>헤더 파일\0. Defaults</Filter>
    </ClInclude>
    <ClInclude Include="pch.h">
      <Filter>헤더 파일\1. Global</Filter>
    </ClInclude>
    <ClInclude Include="Structs.h">
      <Filter>헤더 파일\1. Global</Filter>
    </ClInclude>
    <ClInclude Include="Helper.h">
      <Filter>헤더 파일\1. Global</Filter>
    </ClInclude>
  </ItemGroup>
  <ItemGroup>
    <ClCompile Include="GameProcess.cpp">
      <Filter>소스 파일</Filter>
    </ClCompile>
    <ClCompile Include="pch.h.cpp">
      <Filter>소스 파일\1. Global</Filter>
    </ClCompile>
    <ClCompile Include="main.cpp">
      <Filter>소스 파일\0. Main</Filter>
    </ClCompile>
    <ClCompile Include="Helper.cpp">
      <Filter>소스 파일\1. Global</Filter>
    </ClCompile>
  </ItemGroup>
  <ItemGroup>
    <ResourceCompile Include="Basic.rc">
      <Filter>리소스 파일</Filter>
    </ResourceCompile>
  </ItemGroup>
  <ItemGroup>
    <Image Include="small.ico">
      <Filter>리소스 파일</Filter>
    </Image>
    <Image Include="Basic.ico">
      <Filter>리소스 파일</Filter>
    </Image>
  </ItemGroup>
  <ItemGroup>
    <None Include="Header.hlsli">
      <Filter>Shader</Filter>
    </None>
  </ItemGroup>
  <ItemGroup>
    <FxCompile Include="BasicPixelShader.hlsl">
      <Filter>Shader</Filter>
    </FxCompile>
    <FxCompile Include="BasicVertexShader.hlsl">
      <Filter>Shader</Filter>
    </FxCompile>
  </ItemGroup>
</Project>